
Microsoft Visual Studio Solution File, Format Version 12.00
# Visual Studio Version 16
VisualStudioVersion = 16.0.28803.156
MinimumVisualStudioVersion = 10.0.40219.1
Project("{8BC9CEB8-8B4A-11D0-8D11-00A0C91BC942}") = "ls_base", "ls_base\ls_base.vcxproj", "{FA2E7EC1-B6EA-4158-A598-0C7D9686AED4}"
	ProjectSection(ProjectDependencies) = postProject
		{6D451012-C48E-4FA9-8894-80B0102E4AE7} = {6D451012-C48E-4FA9-8894-80B0102E4AE7}
	EndProjectSection
EndProject
Project("{8BC9CEB8-8B4A-11D0-8D11-00A0C91BC942}") = "ls_load_script", "ls_load_script\ls_load_script.vcxproj", "{99BDFF93-EFD6-4356-9F4A-0B44FBA5D566}"
	ProjectSection(ProjectDependencies) = postProject
		{6D451012-C48E-4FA9-8894-80B0102E4AE7} = {6D451012-C48E-4FA9-8894-80B0102E4AE7}
		{FA2E7EC1-B6EA-4158-A598-0C7D9686AED4} = {FA2E7EC1-B6EA-4158-A598-0C7D9686AED4}
	EndProjectSection
EndProject
Project("{8BC9CEB8-8B4A-11D0-8D11-00A0C91BC942}") = "ls_gateway", "ls_gateway\ls_gateway.vcxproj", "{FD8BC92F-311D-43DD-AF02-B4699F431672}"
	ProjectSection(ProjectDependencies) = postProject
		{FA2E7EC1-B6EA-4158-A598-0C7D9686AED4} = {FA2E7EC1-B6EA-4158-A598-0C7D9686AED4}
	EndProjectSection
EndProject
Project("{8BC9CEB8-8B4A-11D0-8D11-00A0C91BC942}") = "ls_script_lib", "ls_script_lib\ls_script_lib.vcxproj", "{2EACE8E8-B359-4A9C-A5B2-D04D0F22EEFF}"
	ProjectSection(ProjectDependencies) = postProject
		{6D451012-C48E-4FA9-8894-80B0102E4AE7} = {6D451012-C48E-4FA9-8894-80B0102E4AE7}
		{FA2E7EC1-B6EA-4158-A598-0C7D9686AED4} = {FA2E7EC1-B6EA-4158-A598-0C7D9686AED4}
	EndProjectSection
EndProject
Project("{8BC9CEB8-8B4A-11D0-8D11-00A0C91BC942}") = "ls_xue", "ls_xue\ls_xue.vcxproj", "{52DBA46F-C871-49C6-896F-C0E5FF889940}"
	ProjectSection(ProjectDependencies) = postProject
		{6D451012-C48E-4FA9-8894-80B0102E4AE7} = {6D451012-C48E-4FA9-8894-80B0102E4AE7}
		{42030824-BEBD-4284-832A-80DF49E2C1F1} = {42030824-BEBD-4284-832A-80DF49E2C1F1}
		{FD8BC92F-311D-43DD-AF02-B4699F431672} = {FD8BC92F-311D-43DD-AF02-B4699F431672}
		{14E54C37-5151-423D-B530-2CD28DA7C97D} = {14E54C37-5151-423D-B530-2CD28DA7C97D}
		{30B29985-383A-4598-BAF3-426B7ACD8197} = {30B29985-383A-4598-BAF3-426B7ACD8197}
		{99BDFF93-EFD6-4356-9F4A-0B44FBA5D566} = {99BDFF93-EFD6-4356-9F4A-0B44FBA5D566}
		{1429ADBD-4CD2-47EF-AA60-0FFA6E8844ED} = {1429ADBD-4CD2-47EF-AA60-0FFA6E8844ED}
		{FA2E7EC1-B6EA-4158-A598-0C7D9686AED4} = {FA2E7EC1-B6EA-4158-A598-0C7D9686AED4}
		{4A3D27E3-CAAC-4407-9D5E-D29ED06C2FD2} = {4A3D27E3-CAAC-4407-9D5E-D29ED06C2FD2}
		{2EACE8E8-B359-4A9C-A5B2-D04D0F22EEFF} = {2EACE8E8-B359-4A9C-A5B2-D04D0F22EEFF}
		{951D41F2-0BE0-4E08-9403-E60BC231954E} = {951D41F2-0BE0-4E08-9403-E60BC231954E}
	EndProjectSection
EndProject
Project("{8BC9CEB8-8B4A-11D0-8D11-00A0C91BC942}") = "Lua_lib", "Lua_lib\Lua_lib.vcxproj", "{6D451012-C48E-4FA9-8894-80B0102E4AE7}"
EndProject
Project("{2150E333-8FDC-42A3-9474-1A3956D46DE8}") = "Lua_base", "Lua_base", "{07D6A562-E885-4DA9-885F-006DDFC4B291}"
	ProjectSection(SolutionItems) = preProject
		Lua_base\loader.lua = Lua_base\loader.lua
		Lua_base\lovesnow.lua = Lua_base\lovesnow.lua
		Lua_base\Lua_base.lua = Lua_base\Lua_base.lua
		Lua_base\md5.lua = Lua_base\md5.lua
		Lua_base\sproto.lua = Lua_base\sproto.lua
		Lua_base\sprotoloader.lua = Lua_base\sprotoloader.lua
		Lua_base\sprotoparser.lua = Lua_base\sprotoparser.lua
	EndProjectSection
EndProject
Project("{2150E333-8FDC-42A3-9474-1A3956D46DE8}") = "Lua_service", "Lua_service", "{821E0F6F-8E05-4616-A341-B4950EBD9C14}"
	ProjectSection(SolutionItems) = preProject
		Lua_service\bootstrap.lua = Lua_service\bootstrap.lua
		Lua_service\cdummy.lua = Lua_service\cdummy.lua
		Lua_service\clusteragent.lua = Lua_service\clusteragent.lua
		Lua_service\clusterd.lua = Lua_service\clusterd.lua
		Lua_service\clusterproxy.lua = Lua_service\clusterproxy.lua
		Lua_service\cmaster.lua = Lua_service\cmaster.lua
		Lua_service\cmemory.lua = Lua_service\cmemory.lua
		Lua_service\console.lua = Lua_service\console.lua
		Lua_service\cslave.lua = Lua_service\cslave.lua
		Lua_service\datacenterd.lua = Lua_service\datacenterd.lua
		Lua_service\dbg.lua = Lua_service\dbg.lua
		Lua_service\debug_agent.lua = Lua_service\debug_agent.lua
		Lua_service\debug_console.lua = Lua_service\debug_console.lua
		Lua_service\gate.lua = Lua_service\gate.lua
		Lua_service\launcher.lua = Lua_service\launcher.lua
		Lua_service\Lua_service.lua = Lua_service\Lua_service.lua
		Lua_service\multicastd.lua = Lua_service\multicastd.lua
		Lua_service\service_cell.lua = Lua_service\service_cell.lua
		Lua_service\service_mgr.lua = Lua_service\service_mgr.lua
		Lua_service\service_provider.lua = Lua_service\service_provider.lua
		Lua_service\sharedatad.lua = Lua_service\sharedatad.lua
		Lua_service\snaxd.lua = Lua_service\snaxd.lua
	EndProjectSection
EndProject
Project("{2150E333-8FDC-42A3-9474-1A3956D46DE8}") = "examples", "examples", "{33FEEFAF-8E6C-4941-904A-004AF57DF55E}"
	ProjectSection(SolutionItems) = preProject
		examples\abort.lua = examples\abort.lua
		examples\agent.lua = examples\agent.lua
		examples\checkdeadloop.lua = examples\checkdeadloop.lua
		examples\client.lua = examples\client.lua
		examples\cluster1.lua = examples\cluster1.lua
		examples\cluster2.lua = examples\cluster2.lua
		examples\clustername.lua = examples\clustername.lua
		examples\config = examples\config
		examples\config.c1 = examples\config.c1
		examples\config.c2 = examples\config.c2
		examples\config.login = examples\config.login
		examples\config.lua = examples\config.lua
		examples\config.mc = examples\config.mc
		examples\config.mongodb = examples\config.mongodb
		examples\config.mysql = examples\config.mysql
		examples\config.path = examples\config.path
		examples\config.path.lua = examples\config.path.lua
		examples\config.userlog = examples\config.userlog
		examples\config_log = examples\config_log
		examples\example.lua = examples\example.lua
		examples\globallog.lua = examples\globallog.lua
		examples\injectlaunch.lua = examples\injectlaunch.lua
		examples\main.lua = examples\main.lua
		examples\main_log.lua = examples\main_log.lua
		examples\main_mongodb.lua = examples\main_mongodb.lua
		examples\main_mysql.lua = examples\main_mysql.lua
		examples\preload.lua = examples\preload.lua
		examples\proto.lua = examples\proto.lua
		examples\protoloader.lua = examples\protoloader.lua
		examples\share.lua = examples\share.lua
		examples\simpledb.lua = examples\simpledb.lua
		examples\simplemonitor.lua = examples\simplemonitor.lua
		examples\simpleweb.lua = examples\simpleweb.lua
		examples\userlog.lua = examples\userlog.lua
		examples\watchdog.lua = examples\watchdog.lua
	EndProjectSection
EndProject
Project("{8BC9CEB8-8B4A-11D0-8D11-00A0C91BC942}") = "ls_logger", "ls_logger\ls_logger.vcxproj", "{14E54C37-5151-423D-B530-2CD28DA7C97D}"
	ProjectSection(ProjectDependencies) = postProject
		{FA2E7EC1-B6EA-4158-A598-0C7D9686AED4} = {FA2E7EC1-B6EA-4158-A598-0C7D9686AED4}
	EndProjectSection
EndProject
Project("{8BC9CEB8-8B4A-11D0-8D11-00A0C91BC942}") = "ls_harborm", "ls_harborm\ls_harborm.vcxproj", "{30B29985-383A-4598-BAF3-426B7ACD8197}"
	ProjectSection(ProjectDependencies) = postProject
		{FA2E7EC1-B6EA-4158-A598-0C7D9686AED4} = {FA2E7EC1-B6EA-4158-A598-0C7D9686AED4}
	EndProjectSection
EndProject
Project("{2150E333-8FDC-42A3-9474-1A3956D46DE8}") = "login", "login", "{86394D64-8A32-4582-B2AE-3E6E51B0F730}"
	ProjectSection(SolutionItems) = preProject
		examples\login\client.lua = examples\login\client.lua
		examples\login\gated.lua = examples\login\gated.lua
		examples\login\logind.lua = examples\login\logind.lua
		examples\login\main.lua = examples\login\main.lua
		examples\login\msgagent.lua = examples\login\msgagent.lua
	EndProjectSection
EndProject
Project("{2150E333-8FDC-42A3-9474-1A3956D46DE8}") = "compat10", "compat10", "{CDC90391-DF2D-4CF1-ADC4-B64614FEFEBC}"
	ProjectSection(SolutionItems) = preProject
		Lua_base\compat10\cluster.lua = Lua_base\compat10\cluster.lua
		Lua_base\compat10\crypt.lua = Lua_base\compat10\crypt.lua
		Lua_base\compat10\datacenter.lua = Lua_base\compat10\datacenter.lua
		Lua_base\compat10\dns.lua = Lua_base\compat10\dns.lua
		Lua_base\compat10\memory.lua = Lua_base\compat10\memory.lua
		Lua_base\compat10\mongo.lua = Lua_base\compat10\mongo.lua
		Lua_base\compat10\mqueue.lua = Lua_base\compat10\mqueue.lua
		Lua_base\compat10\multicast.lua = Lua_base\compat10\multicast.lua
		Lua_base\compat10\mysql.lua = Lua_base\compat10\mysql.lua
		Lua_base\compat10\netpack.lua = Lua_base\compat10\netpack.lua
		Lua_base\compat10\profile.lua = Lua_base\compat10\profile.lua
		Lua_base\compat10\redis.lua = Lua_base\compat10\redis.lua
		Lua_base\compat10\sharedata.lua = Lua_base\compat10\sharedata.lua
		Lua_base\compat10\sharemap.lua = Lua_base\compat10\sharemap.lua
		Lua_base\compat10\snax.lua = Lua_base\compat10\snax.lua
		Lua_base\compat10\socket.lua = Lua_base\compat10\socket.lua
		Lua_base\compat10\socketchannel.lua = Lua_base\compat10\socketchannel.lua
		Lua_base\compat10\socketdriver.lua = Lua_base\compat10\socketdriver.lua
		Lua_base\compat10\stm.lua = Lua_base\compat10\stm.lua
	EndProjectSection
EndProject
Project("{2150E333-8FDC-42A3-9474-1A3956D46DE8}") = "http", "http", "{AE9BD202-E576-4E2C-AD52-572A0B1A09F7}"
	ProjectSection(SolutionItems) = preProject
		Lua_base\http\httpc.lua = Lua_base\http\httpc.lua
		Lua_base\http\httpd.lua = Lua_base\http\httpd.lua
		Lua_base\http\internal.lua = Lua_base\http\internal.lua
		Lua_base\http\sockethelper.lua = Lua_base\http\sockethelper.lua
		Lua_base\http\url.lua = Lua_base\http\url.lua
	EndProjectSection
EndProject
Project("{2150E333-8FDC-42A3-9474-1A3956D46DE8}") = "snax", "snax", "{5554BF86-7641-4692-9A9D-BA7A658FA48D}"
	ProjectSection(SolutionItems) = preProject
		Lua_base\snax\gateserver.lua = Lua_base\snax\gateserver.lua
		Lua_base\snax\hotfix.lua = Lua_base\snax\hotfix.lua
		Lua_base\snax\interface.lua = Lua_base\snax\interface.lua
		Lua_base\snax\loginserver.lua = Lua_base\snax\loginserver.lua
		Lua_base\snax\msgserver.lua = Lua_base\snax\msgserver.lua
	EndProjectSection
EndProject
Project("{2150E333-8FDC-42A3-9474-1A3956D46DE8}") = "lovesnow", "lovesnow", "{0FE98113-F47A-4BDA-8381-6889CB6B34D6}"
	ProjectSection(SolutionItems) = preProject
		Lua_base\lovesnow\cluster.lua = Lua_base\lovesnow\cluster.lua
		Lua_base\lovesnow\coroutine.lua = Lua_base\lovesnow\coroutine.lua
		Lua_base\lovesnow\datacenter.lua = Lua_base\lovesnow\datacenter.lua
		Lua_base\lovesnow\debug.lua = Lua_base\lovesnow\debug.lua
		Lua_base\lovesnow\dns.lua = Lua_base\lovesnow\dns.lua
		Lua_base\lovesnow\harbor.lua = Lua_base\lovesnow\harbor.lua
		Lua_base\lovesnow\inject.lua = Lua_base\lovesnow\inject.lua
		Lua_base\lovesnow\injectcode.lua = Lua_base\lovesnow\injectcode.lua
		Lua_base\lovesnow\manager.lua = Lua_base\lovesnow\manager.lua
		Lua_base\lovesnow\mqueue.lua = Lua_base\lovesnow\mqueue.lua
		Lua_base\lovesnow\multicast.lua = Lua_base\lovesnow\multicast.lua
		Lua_base\lovesnow\queue.lua = Lua_base\lovesnow\queue.lua
		Lua_base\lovesnow\remotedebug.lua = Lua_base\lovesnow\remotedebug.lua
		Lua_base\lovesnow\service.lua = Lua_base\lovesnow\service.lua
		Lua_base\lovesnow\sharedata.lua = Lua_base\lovesnow\sharedata.lua
		Lua_base\lovesnow\sharemap.lua = Lua_base\lovesnow\sharemap.lua
		Lua_base\lovesnow\snax.lua = Lua_base\lovesnow\snax.lua
		Lua_base\lovesnow\socket.lua = Lua_base\lovesnow\socket.lua
		Lua_base\lovesnow\socketchannel.lua = Lua_base\lovesnow\socketchannel.lua
	EndProjectSection
EndProject
Project("{2150E333-8FDC-42A3-9474-1A3956D46DE8}") = "datasheet", "datasheet", "{11A05B0D-94FA-4116-9D19-81C9964B77DC}"
	ProjectSection(SolutionItems) = preProject
		Lua_base\lovesnow\datasheet\builder.lua = Lua_base\lovesnow\datasheet\builder.lua
		Lua_base\lovesnow\datasheet\dump.lua = Lua_base\lovesnow\datasheet\dump.lua
		Lua_base\lovesnow\datasheet\init.lua = Lua_base\lovesnow\datasheet\init.lua
	EndProjectSection
EndProject
Project("{2150E333-8FDC-42A3-9474-1A3956D46DE8}") = "db", "db", "{02FEFBF2-1BCC-46F8-B21D-57585AC5FEB2}"
	ProjectSection(SolutionItems) = preProject
		Lua_base\lovesnow\db\mongo.lua = Lua_base\lovesnow\db\mongo.lua
		Lua_base\lovesnow\db\mysql.lua = Lua_base\lovesnow\db\mysql.lua
		Lua_base\lovesnow\db\redis.lua = Lua_base\lovesnow\db\redis.lua
	EndProjectSection
EndProject
Project("{2150E333-8FDC-42A3-9474-1A3956D46DE8}") = "sharedata", "sharedata", "{3C83A05A-673E-4B97-A011-AF13A25D92A9}"
	ProjectSection(SolutionItems) = preProject
		Lua_base\lovesnow\sharedata\corelib.lua = Lua_base\lovesnow\sharedata\corelib.lua
	EndProjectSection
EndProject
Project("{2150E333-8FDC-42A3-9474-1A3956D46DE8}") = "redis", "redis", "{BB3621B9-AA3D-4FE8-B6B7-1B55969A9376}"
	ProjectSection(SolutionItems) = preProject
		Lua_base\lovesnow\db\redis\cluster.lua = Lua_base\lovesnow\db\redis\cluster.lua
		Lua_base\lovesnow\db\redis\crc16.lua = Lua_base\lovesnow\db\redis\crc16.lua
	EndProjectSection
EndProject
Project("{8BC9CEB8-8B4A-11D0-8D11-00A0C91BC942}") = "ls_script_bson", "ls_script_bson\ls_script_bson.vcxproj", "{951D41F2-0BE0-4E08-9403-E60BC231954E}"
EndProject
Project("{8BC9CEB8-8B4A-11D0-8D11-00A0C91BC942}") = "ls_script_client", "ls_script_client\ls_script_client.vcxproj", "{42030824-BEBD-4284-832A-80DF49E2C1F1}"
EndProject
Project("{8BC9CEB8-8B4A-11D0-8D11-00A0C91BC942}") = "ls_script_sproto", "ls_script_sproto\ls_script_sproto.vcxproj", "{1429ADBD-4CD2-47EF-AA60-0FFA6E8844ED}"
EndProject
Project("{8BC9CEB8-8B4A-11D0-8D11-00A0C91BC942}") = "ls_script_lpeg", "ls_script_lpeg\ls_script_lpeg.vcxproj", "{4A3D27E3-CAAC-4407-9D5E-D29ED06C2FD2}"
EndProject
Project("{8BC9CEB8-8B4A-11D0-8D11-00A0C91BC942}") = "Lua_exe", "Lua_exe\Lua_exe.vcxproj", "{60CEB047-2240-41CF-8FD7-47621695E2D1}"
EndProject
Global
	GlobalSection(SolutionConfigurationPlatforms) = preSolution
		Debug|Win32 = Debug|Win32
		Debug|x64 = Debug|x64
		Release|Win32 = Release|Win32
		Release|x64 = Release|x64
	EndGlobalSection
	GlobalSection(ProjectConfigurationPlatforms) = postSolution
		{FA2E7EC1-B6EA-4158-A598-0C7D9686AED4}.Debug|Win32.ActiveCfg = Debug|Win32
		{FA2E7EC1-B6EA-4158-A598-0C7D9686AED4}.Debug|Win32.Build.0 = Debug|Win32
		{FA2E7EC1-B6EA-4158-A598-0C7D9686AED4}.Debug|x64.ActiveCfg = Debug|x64
		{FA2E7EC1-B6EA-4158-A598-0C7D9686AED4}.Debug|x64.Build.0 = Debug|x64
		{FA2E7EC1-B6EA-4158-A598-0C7D9686AED4}.Release|Win32.ActiveCfg = Release|Win32
		{FA2E7EC1-B6EA-4158-A598-0C7D9686AED4}.Release|Win32.Build.0 = Release|Win32
		{FA2E7EC1-B6EA-4158-A598-0C7D9686AED4}.Release|x64.ActiveCfg = Debug|x64
		{FA2E7EC1-B6EA-4158-A598-0C7D9686AED4}.Release|x64.Build.0 = Debug|x64
		{99BDFF93-EFD6-4356-9F4A-0B44FBA5D566}.Debug|Win32.ActiveCfg = Debug|Win32
		{99BDFF93-EFD6-4356-9F4A-0B44FBA5D566}.Debug|Win32.Build.0 = Debug|Win32
		{99BDFF93-EFD6-4356-9F4A-0B44FBA5D566}.Debug|x64.ActiveCfg = Debug|x64
		{99BDFF93-EFD6-4356-9F4A-0B44FBA5D566}.Debug|x64.Build.0 = Debug|x64
		{99BDFF93-EFD6-4356-9F4A-0B44FBA5D566}.Release|Win32.ActiveCfg = Release|Win32
		{99BDFF93-EFD6-4356-9F4A-0B44FBA5D566}.Release|Win32.Build.0 = Release|Win32
		{99BDFF93-EFD6-4356-9F4A-0B44FBA5D566}.Release|x64.ActiveCfg = Debug|x64
		{99BDFF93-EFD6-4356-9F4A-0B44FBA5D566}.Release|x64.Build.0 = Debug|x64
		{FD8BC92F-311D-43DD-AF02-B4699F431672}.Debug|Win32.ActiveCfg = Debug|Win32
		{FD8BC92F-311D-43DD-AF02-B4699F431672}.Debug|Win32.Build.0 = Debug|Win32
		{FD8BC92F-311D-43DD-AF02-B4699F431672}.Debug|x64.ActiveCfg = Debug|x64
		{FD8BC92F-311D-43DD-AF02-B4699F431672}.Debug|x64.Build.0 = Debug|x64
		{FD8BC92F-311D-43DD-AF02-B4699F431672}.Release|Win32.ActiveCfg = Release|Win32
		{FD8BC92F-311D-43DD-AF02-B4699F431672}.Release|Win32.Build.0 = Release|Win32
		{FD8BC92F-311D-43DD-AF02-B4699F431672}.Release|x64.ActiveCfg = Debug|x64
		{FD8BC92F-311D-43DD-AF02-B4699F431672}.Release|x64.Build.0 = Debug|x64
		{2EACE8E8-B359-4A9C-A5B2-D04D0F22EEFF}.Debug|Win32.ActiveCfg = Debug|Win32
		{2EACE8E8-B359-4A9C-A5B2-D04D0F22EEFF}.Debug|Win32.Build.0 = Debug|Win32
		{2EACE8E8-B359-4A9C-A5B2-D04D0F22EEFF}.Debug|x64.ActiveCfg = Debug|x64
		{2EACE8E8-B359-4A9C-A5B2-D04D0F22EEFF}.Debug|x64.Build.0 = Debug|x64
		{2EACE8E8-B359-4A9C-A5B2-D04D0F22EEFF}.Release|Win32.ActiveCfg = Release|Win32
		{2EACE8E8-B359-4A9C-A5B2-D04D0F22EEFF}.Release|Win32.Build.0 = Release|Win32
		{2EACE8E8-B359-4A9C-A5B2-D04D0F22EEFF}.Release|x64.ActiveCfg = Debug|x64
		{2EACE8E8-B359-4A9C-A5B2-D04D0F22EEFF}.Release|x64.Build.0 = Debug|x64
		{52DBA46F-C871-49C6-896F-C0E5FF889940}.Debug|Win32.ActiveCfg = Debug|Win32
		{52DBA46F-C871-49C6-896F-C0E5FF889940}.Debug|Win32.Build.0 = Debug|Win32
		{52DBA46F-C871-49C6-896F-C0E5FF889940}.Debug|x64.ActiveCfg = Debug|x64
		{52DBA46F-C871-49C6-896F-C0E5FF889940}.Debug|x64.Build.0 = Debug|x64
		{52DBA46F-C871-49C6-896F-C0E5FF889940}.Release|Win32.ActiveCfg = Release|Win32
		{52DBA46F-C871-49C6-896F-C0E5FF889940}.Release|Win32.Build.0 = Release|Win32
		{52DBA46F-C871-49C6-896F-C0E5FF889940}.Release|x64.ActiveCfg = Debug|x64
		{52DBA46F-C871-49C6-896F-C0E5FF889940}.Release|x64.Build.0 = Debug|x64
		{6D451012-C48E-4FA9-8894-80B0102E4AE7}.Debug|Win32.ActiveCfg = Debug|Win32
		{6D451012-C48E-4FA9-8894-80B0102E4AE7}.Debug|Win32.Build.0 = Debug|Win32
		{6D451012-C48E-4FA9-8894-80B0102E4AE7}.Debug|x64.ActiveCfg = Debug|x64
		{6D451012-C48E-4FA9-8894-80B0102E4AE7}.Debug|x64.Build.0 = Debug|x64
		{6D451012-C48E-4FA9-8894-80B0102E4AE7}.Release|Win32.ActiveCfg = Release|Win32
		{6D451012-C48E-4FA9-8894-80B0102E4AE7}.Release|Win32.Build.0 = Release|Win32
		{6D451012-C48E-4FA9-8894-80B0102E4AE7}.Release|x64.ActiveCfg = Debug|x64
		{6D451012-C48E-4FA9-8894-80B0102E4AE7}.Release|x64.Build.0 = Debug|x64
		{14E54C37-5151-423D-B530-2CD28DA7C97D}.Debug|Win32.ActiveCfg = Debug|Win32
		{14E54C37-5151-423D-B530-2CD28DA7C97D}.Debug|Win32.Build.0 = Debug|Win32
		{14E54C37-5151-423D-B530-2CD28DA7C97D}.Debug|x64.ActiveCfg = Debug|x64
		{14E54C37-5151-423D-B530-2CD28DA7C97D}.Debug|x64.Build.0 = Debug|x64
		{14E54C37-5151-423D-B530-2CD28DA7C97D}.Release|Win32.ActiveCfg = Release|Win32
		{14E54C37-5151-423D-B530-2CD28DA7C97D}.Release|Win32.Build.0 = Release|Win32
		{14E54C37-5151-423D-B530-2CD28DA7C97D}.Release|x64.ActiveCfg = Release|x64
		{14E54C37-5151-423D-B530-2CD28DA7C97D}.Release|x64.Build.0 = Release|x64
		{30B29985-383A-4598-BAF3-426B7ACD8197}.Debug|Win32.ActiveCfg = Debug|Win32
		{30B29985-383A-4598-BAF3-426B7ACD8197}.Debug|Win32.Build.0 = Debug|Win32
		{30B29985-383A-4598-BAF3-426B7ACD8197}.Debug|x64.ActiveCfg = Debug|x64
		{30B29985-383A-4598-BAF3-426B7ACD8197}.Debug|x64.Build.0 = Debug|x64
		{30B29985-383A-4598-BAF3-426B7ACD8197}.Release|Win32.ActiveCfg = Release|Win32
		{30B29985-383A-4598-BAF3-426B7ACD8197}.Release|Win32.Build.0 = Release|Win32
		{30B29985-383A-4598-BAF3-426B7ACD8197}.Release|x64.ActiveCfg = Release|x64
		{30B29985-383A-4598-BAF3-426B7ACD8197}.Release|x64.Build.0 = Release|x64
		{951D41F2-0BE0-4E08-9403-E60BC231954E}.Debug|Win32.ActiveCfg = Debug|Win32
		{951D41F2-0BE0-4E08-9403-E60BC231954E}.Debug|Win32.Build.0 = Debug|Win32
		{951D41F2-0BE0-4E08-9403-E60BC231954E}.Debug|x64.ActiveCfg = Debug|x64
		{951D41F2-0BE0-4E08-9403-E60BC231954E}.Debug|x64.Build.0 = Debug|x64
		{951D41F2-0BE0-4E08-9403-E60BC231954E}.Release|Win32.ActiveCfg = Release|Win32
		{951D41F2-0BE0-4E08-9403-E60BC231954E}.Release|Win32.Build.0 = Release|Win32
		{951D41F2-0BE0-4E08-9403-E60BC231954E}.Release|x64.ActiveCfg = Release|x64
		{951D41F2-0BE0-4E08-9403-E60BC231954E}.Release|x64.Build.0 = Release|x64
		{42030824-BEBD-4284-832A-80DF49E2C1F1}.Debug|Win32.ActiveCfg = Debug|Win32
		{42030824-BEBD-4284-832A-80DF49E2C1F1}.Debug|Win32.Build.0 = Debug|Win32
		{42030824-BEBD-4284-832A-80DF49E2C1F1}.Debug|x64.ActiveCfg = Debug|x64
		{42030824-BEBD-4284-832A-80DF49E2C1F1}.Debug|x64.Build.0 = Debug|x64
		{42030824-BEBD-4284-832A-80DF49E2C1F1}.Release|Win32.ActiveCfg = Release|Win32
		{42030824-BEBD-4284-832A-80DF49E2C1F1}.Release|Win32.Build.0 = Release|Win32
		{42030824-BEBD-4284-832A-80DF49E2C1F1}.Release|x64.ActiveCfg = Release|x64
		{42030824-BEBD-4284-832A-80DF49E2C1F1}.Release|x64.Build.0 = Release|x64
		{1429ADBD-4CD2-47EF-AA60-0FFA6E8844ED}.Debug|Win32.ActiveCfg = Debug|Win32
		{1429ADBD-4CD2-47EF-AA60-0FFA6E8844ED}.Debug|Win32.Build.0 = Debug|Win32
		{1429ADBD-4CD2-47EF-AA60-0FFA6E8844ED}.Debug|x64.ActiveCfg = Debug|x64
		{1429ADBD-4CD2-47EF-AA60-0FFA6E8844ED}.Debug|x64.Build.0 = Debug|x64
		{1429ADBD-4CD2-47EF-AA60-0FFA6E8844ED}.Release|Win32.ActiveCfg = Release|Win32
		{1429ADBD-4CD2-47EF-AA60-0FFA6E8844ED}.Release|Win32.Build.0 = Release|Win32
		{1429ADBD-4CD2-47EF-AA60-0FFA6E8844ED}.Release|x64.ActiveCfg = Release|x64
		{1429ADBD-4CD2-47EF-AA60-0FFA6E8844ED}.Release|x64.Build.0 = Release|x64
		{4A3D27E3-CAAC-4407-9D5E-D29ED06C2FD2}.Debug|Win32.ActiveCfg = Debug|Win32
		{4A3D27E3-CAAC-4407-9D5E-D29ED06C2FD2}.Debug|Win32.Build.0 = Debug|Win32
		{4A3D27E3-CAAC-4407-9D5E-D29ED06C2FD2}.Debug|x64.ActiveCfg = Debug|x64
		{4A3D27E3-CAAC-4407-9D5E-D29ED06C2FD2}.Debug|x64.Build.0 = Debug|x64
		{4A3D27E3-CAAC-4407-9D5E-D29ED06C2FD2}.Release|Win32.ActiveCfg = Release|Win32
		{4A3D27E3-CAAC-4407-9D5E-D29ED06C2FD2}.Release|Win32.Build.0 = Release|Win32
		{4A3D27E3-CAAC-4407-9D5E-D29ED06C2FD2}.Release|x64.ActiveCfg = Release|x64
		{4A3D27E3-CAAC-4407-9D5E-D29ED06C2FD2}.Release|x64.Build.0 = Release|x64
		{60CEB047-2240-41CF-8FD7-47621695E2D1}.Debug|Win32.ActiveCfg = Debug|Win32
		{60CEB047-2240-41CF-8FD7-47621695E2D1}.Debug|Win32.Build.0 = Debug|Win32
		{60CEB047-2240-41CF-8FD7-47621695E2D1}.Debug|x64.ActiveCfg = Debug|x64
		{60CEB047-2240-41CF-8FD7-47621695E2D1}.Debug|x64.Build.0 = Debug|x64
		{60CEB047-2240-41CF-8FD7-47621695E2D1}.Release|Win32.ActiveCfg = Release|Win32
		{60CEB047-2240-41CF-8FD7-47621695E2D1}.Release|Win32.Build.0 = Release|Win32
		{60CEB047-2240-41CF-8FD7-47621695E2D1}.Release|x64.ActiveCfg = Release|x64
		{60CEB047-2240-41CF-8FD7-47621695E2D1}.Release|x64.Build.0 = Release|x64
	EndGlobalSection
	GlobalSection(SolutionProperties) = preSolution
		HideSolutionNode = FALSE
	EndGlobalSection
	GlobalSection(NestedProjects) = preSolution
		{86394D64-8A32-4582-B2AE-3E6E51B0F730} = {33FEEFAF-8E6C-4941-904A-004AF57DF55E}
		{CDC90391-DF2D-4CF1-ADC4-B64614FEFEBC} = {07D6A562-E885-4DA9-885F-006DDFC4B291}
		{AE9BD202-E576-4E2C-AD52-572A0B1A09F7} = {07D6A562-E885-4DA9-885F-006DDFC4B291}
		{5554BF86-7641-4692-9A9D-BA7A658FA48D} = {07D6A562-E885-4DA9-885F-006DDFC4B291}
		{0FE98113-F47A-4BDA-8381-6889CB6B34D6} = {07D6A562-E885-4DA9-885F-006DDFC4B291}
		{11A05B0D-94FA-4116-9D19-81C9964B77DC} = {0FE98113-F47A-4BDA-8381-6889CB6B34D6}
		{02FEFBF2-1BCC-46F8-B21D-57585AC5FEB2} = {0FE98113-F47A-4BDA-8381-6889CB6B34D6}
		{3C83A05A-673E-4B97-A011-AF13A25D92A9} = {0FE98113-F47A-4BDA-8381-6889CB6B34D6}
		{BB3621B9-AA3D-4FE8-B6B7-1B55969A9376} = {02FEFBF2-1BCC-46F8-B21D-57585AC5FEB2}
	EndGlobalSection
	GlobalSection(ExtensibilityGlobals) = postSolution
		SolutionGuid = {4DA8A5BD-6772-437C-AE65-81D405BDAEC9}
	EndGlobalSection
EndGlobal
